// !$*UTF8*$!
{
	archiveVersion = 1;
	classes = {
	};
	objectVersion = 50;
	objects = {

/* Begin PBXBuildFile section */
		1A57F5E20CF381EA28F8E74D /* Pods_GitProject.framework in Frameworks */ = {isa = PBXBuildFile; fileRef = 576B989E20AED7210EC03B15 /* Pods_GitProject.framework */; };
		77DFCEE4225125B800EEC638 /* AppDelegate.swift in Sources */ = {isa = PBXBuildFile; fileRef = 77DFCEE3225125B800EEC638 /* AppDelegate.swift */; };
		77DFCEE9225125B800EEC638 /* Main.storyboard in Resources */ = {isa = PBXBuildFile; fileRef = 77DFCEE7225125B800EEC638 /* Main.storyboard */; };
		77DFCEEB225125B900EEC638 /* Assets.xcassets in Resources */ = {isa = PBXBuildFile; fileRef = 77DFCEEA225125B900EEC638 /* Assets.xcassets */; };
		77DFCEEE225125B900EEC638 /* LaunchScreen.storyboard in Resources */ = {isa = PBXBuildFile; fileRef = 77DFCEEC225125B900EEC638 /* LaunchScreen.storyboard */; };
		77DFCEF92251ED0A00EEC638 /* SWRevealViewController.m in Sources */ = {isa = PBXBuildFile; fileRef = 77DFCEF82251ED0A00EEC638 /* SWRevealViewController.m */; };
		77DFCEFE225255C800EEC638 /* ChatVC.swift in Sources */ = {isa = PBXBuildFile; fileRef = 77DFCEFD225255C800EEC638 /* ChatVC.swift */; };
		77DFCF00225255E800EEC638 /* ChannelVC.swift in Sources */ = {isa = PBXBuildFile; fileRef = 77DFCEFF225255E800EEC638 /* ChannelVC.swift */; };
		77DFCF192253392300EEC638 /* GradientView.swift in Sources */ = {isa = PBXBuildFile; fileRef = 77DFCF182253392300EEC638 /* GradientView.swift */; };
		77DFCF1C22537C0D00EEC638 /* Constants.swift in Sources */ = {isa = PBXBuildFile; fileRef = 77DFCF1B22537C0D00EEC638 /* Constants.swift */; };
		77DFCF1E225380F200EEC638 /* LoginVC.swift in Sources */ = {isa = PBXBuildFile; fileRef = 77DFCF1D225380F200EEC638 /* LoginVC.swift */; };
/* End PBXBuildFile section */

/* Begin PBXFileReference section */
		576B989E20AED7210EC03B15 /* Pods_GitProject.framework */ = {isa = PBXFileReference; explicitFileType = wrapper.framework; includeInIndex = 0; path = Pods_GitProject.framework; sourceTree = BUILT_PRODUCTS_DIR; };
		77DFCEE0225125B800EEC638 /* GitProject.app */ = {isa = PBXFileReference; explicitFileType = wrapper.application; includeInIndex = 0; path = GitProject.app; sourceTree = BUILT_PRODUCTS_DIR; };
		77DFCEE3225125B800EEC638 /* AppDelegate.swift */ = {isa = PBXFileReference; lastKnownFileType = sourcecode.swift; path = AppDelegate.swift; sourceTree = "<group>"; };
		77DFCEE8225125B800EEC638 /* Base */ = {isa = PBXFileReference; lastKnownFileType = file.storyboard; name = Base; path = Base.lproj/Main.storyboard; sourceTree = "<group>"; };
		77DFCEEA225125B900EEC638 /* Assets.xcassets */ = {isa = PBXFileReference; lastKnownFileType = folder.assetcatalog; path = Assets.xcassets; sourceTree = "<group>"; };
		77DFCEED225125B900EEC638 /* Base */ = {isa = PBXFileReference; lastKnownFileType = file.storyboard; name = Base; path = Base.lproj/LaunchScreen.storyboard; sourceTree = "<group>"; };
		77DFCEEF225125B900EEC638 /* Info.plist */ = {isa = PBXFileReference; lastKnownFileType = text.plist.xml; path = Info.plist; sourceTree = "<group>"; };
		77DFCEF62251ED0900EEC638 /* GitProject-Bridging-Header.h */ = {isa = PBXFileReference; lastKnownFileType = sourcecode.c.h; path = "GitProject-Bridging-Header.h"; sourceTree = "<group>"; };
		77DFCEF72251ED0A00EEC638 /* SWRevealViewController.h */ = {isa = PBXFileReference; fileEncoding = 4; lastKnownFileType = sourcecode.c.h; path = SWRevealViewController.h; sourceTree = "<group>"; };
		77DFCEF82251ED0A00EEC638 /* SWRevealViewController.m */ = {isa = PBXFileReference; fileEncoding = 4; lastKnownFileType = sourcecode.c.objc; path = SWRevealViewController.m; sourceTree = "<group>"; };
		77DFCEFD225255C800EEC638 /* ChatVC.swift */ = {isa = PBXFileReference; lastKnownFileType = sourcecode.swift; path = ChatVC.swift; sourceTree = "<group>"; };
		77DFCEFF225255E800EEC638 /* ChannelVC.swift */ = {isa = PBXFileReference; lastKnownFileType = sourcecode.swift; path = ChannelVC.swift; sourceTree = "<group>"; };
		77DFCF182253392300EEC638 /* GradientView.swift */ = {isa = PBXFileReference; lastKnownFileType = sourcecode.swift; path = GradientView.swift; sourceTree = "<group>"; };
		77DFCF1B22537C0D00EEC638 /* Constants.swift */ = {isa = PBXFileReference; lastKnownFileType = sourcecode.swift; path = Constants.swift; sourceTree = "<group>"; };
		77DFCF1D225380F200EEC638 /* LoginVC.swift */ = {isa = PBXFileReference; lastKnownFileType = sourcecode.swift; path = LoginVC.swift; sourceTree = "<group>"; };
		96C359699900B1FB452036A5 /* Pods-GitProject.release.xcconfig */ = {isa = PBXFileReference; includeInIndex = 1; lastKnownFileType = text.xcconfig; name = "Pods-GitProject.release.xcconfig"; path = "Pods/Target Support Files/Pods-GitProject/Pods-GitProject.release.xcconfig"; sourceTree = "<group>"; };
		FAEB5684986EF4332892402D /* Pods-GitProject.debug.xcconfig */ = {isa = PBXFileReference; includeInIndex = 1; lastKnownFileType = text.xcconfig; name = "Pods-GitProject.debug.xcconfig"; path = "Pods/Target Support Files/Pods-GitProject/Pods-GitProject.debug.xcconfig"; sourceTree = "<group>"; };
/* End PBXFileReference section */

/* Begin PBXFrameworksBuildPhase section */
		77DFCEDD225125B800EEC638 /* Frameworks */ = {
			isa = PBXFrameworksBuildPhase;
			buildActionMask = 2147483647;
			files = (
				1A57F5E20CF381EA28F8E74D /* Pods_GitProject.framework in Frameworks */,
			);
			runOnlyForDeploymentPostprocessing = 0;
		};
/* End PBXFrameworksBuildPhase section */

/* Begin PBXGroup section */
		37A8638C543F0ADA532A0ED2 /* Pods */ = {
			isa = PBXGroup;
			children = (
				FAEB5684986EF4332892402D /* Pods-GitProject.debug.xcconfig */,
				96C359699900B1FB452036A5 /* Pods-GitProject.release.xcconfig */,
			);
			name = Pods;
			sourceTree = "<group>";
		};
		77DFCED7225125B800EEC638 = {
			isa = PBXGroup;
			children = (
				77DFCEE2225125B800EEC638 /* GitProject */,
				77DFCEE1225125B800EEC638 /* Products */,
				37A8638C543F0ADA532A0ED2 /* Pods */,
				CB9F6EFFB90E9F4DB0F4561E /* Frameworks */,
			);
			sourceTree = "<group>";
		};
		77DFCEE1225125B800EEC638 /* Products */ = {
			isa = PBXGroup;
			children = (
				77DFCEE0225125B800EEC638 /* GitProject.app */,
			);
			name = Products;
			sourceTree = "<group>";
		};
		77DFCEE2225125B800EEC638 /* GitProject */ = {
			isa = PBXGroup;
			children = (
				77DFCF1A22537BD400EEC638 /* Utillities */,
				77DFCEFC2252559900EEC638 /* Model */,
				77DFCEFB2252559000EEC638 /* View */,
				77DFCEFA2252558000EEC638 /* Controller */,
				77DFCEF52251ECBD00EEC638 /* Supporting Files */,
				77DFCEE3225125B800EEC638 /* AppDelegate.swift */,
				77DFCEE7225125B800EEC638 /* Main.storyboard */,
				77DFCEEA225125B900EEC638 /* Assets.xcassets */,
				77DFCEEC225125B900EEC638 /* LaunchScreen.storyboard */,
				77DFCEEF225125B900EEC638 /* Info.plist */,
			);
			path = GitProject;
			sourceTree = "<group>";
		};
		77DFCEF52251ECBD00EEC638 /* Supporting Files */ = {
			isa = PBXGroup;
			children = (
				77DFCEF72251ED0A00EEC638 /* SWRevealViewController.h */,
				77DFCEF62251ED0900EEC638 /* GitProject-Bridging-Header.h */,
				77DFCEF82251ED0A00EEC638 /* SWRevealViewController.m */,
			);
			path = "Supporting Files";
			sourceTree = "<group>";
		};
		77DFCEFA2252558000EEC638 /* Controller */ = {
			isa = PBXGroup;
			children = (
				77DFCEFD225255C800EEC638 /* ChatVC.swift */,
				77DFCEFF225255E800EEC638 /* ChannelVC.swift */,
				77DFCF1D225380F200EEC638 /* LoginVC.swift */,
			);
			path = Controller;
			sourceTree = "<group>";
		};
		77DFCEFB2252559000EEC638 /* View */ = {
			isa = PBXGroup;
			children = (
				77DFCF182253392300EEC638 /* GradientView.swift */,
			);
			path = View;
			sourceTree = "<group>";
		};
		77DFCEFC2252559900EEC638 /* Model */ = {
			isa = PBXGroup;
			children = (
			);
			path = Model;
			sourceTree = "<group>";
		};
		77DFCF1A22537BD400EEC638 /* Utillities */ = {
			isa = PBXGroup;
			children = (
				77DFCF1B22537C0D00EEC638 /* Constants.swift */,
			);
			path = Utillities;
			sourceTree = "<group>";
		};
		CB9F6EFFB90E9F4DB0F4561E /* Frameworks */ = {
			isa = PBXGroup;
			children = (
				576B989E20AED7210EC03B15 /* Pods_GitProject.framework */,
			);
			name = Frameworks;
			sourceTree = "<group>";
		};
/* End PBXGroup section */

/* Begin PBXNativeTarget section */
		77DFCEDF225125B800EEC638 /* GitProject */ = {
			isa = PBXNativeTarget;
			buildConfigurationList = 77DFCEF2225125B900EEC638 /* Build configuration list for PBXNativeTarget "GitProject" */;
			buildPhases = (
				6840C4FD21C31212F86D395C /* [CP] Check Pods Manifest.lock */,
				77DFCEDC225125B800EEC638 /* Sources */,
				77DFCEDD225125B800EEC638 /* Frameworks */,
				77DFCEDE225125B800EEC638 /* Resources */,
				5EE054132B7EC85BC6C7F3AE /* [CP] Embed Pods Frameworks */,
			);
			buildRules = (
			);
			dependencies = (
			);
			name = GitProject;
			productName = GitProject;
			productReference = 77DFCEE0225125B800EEC638 /* GitProject.app */;
			productType = "com.apple.product-type.application";
		};
/* End PBXNativeTarget section */

/* Begin PBXProject section */
		77DFCED8225125B800EEC638 /* Project object */ = {
			isa = PBXProject;
			attributes = {
				LastSwiftUpdateCheck = 1010;
				LastUpgradeCheck = 1010;
				ORGANIZATIONNAME = "Ziyad almohisen";
				TargetAttributes = {
					77DFCEDF225125B800EEC638 = {
						CreatedOnToolsVersion = 10.1;
						LastSwiftMigration = 1010;
					};
				};
			};
			buildConfigurationList = 77DFCEDB225125B800EEC638 /* Build configuration list for PBXProject "GitProject" */;
			compatibilityVersion = "Xcode 9.3";
			developmentRegion = en;
			hasScannedForEncodings = 0;
			knownRegions = (
				en,
				Base,
			);
			mainGroup = 77DFCED7225125B800EEC638;
			productRefGroup = 77DFCEE1225125B800EEC638 /* Products */;
			projectDirPath = "";
			projectRoot = "";
			targets = (
				77DFCEDF225125B800EEC638 /* GitProject */,
			);
		};
/* End PBXProject section */

/* Begin PBXResourcesBuildPhase section */
		77DFCEDE225125B800EEC638 /* Resources */ = {
			isa = PBXResourcesBuildPhase;
			buildActionMask = 2147483647;
			files = (
				77DFCEEE225125B900EEC638 /* LaunchScreen.storyboard in Resources */,
				77DFCEEB225125B900EEC638 /* Assets.xcassets in Resources */,
				77DFCEE9225125B800EEC638 /* Main.storyboard in Resources */,
			);
			runOnlyForDeploymentPostprocessing = 0;
		};
/* End PBXResourcesBuildPhase section */

/* Begin PBXShellScriptBuildPhase section */
		5EE054132B7EC85BC6C7F3AE /* [CP] Embed Pods Frameworks */ = {
			isa = PBXShellScriptBuildPhase;
			buildActionMask = 2147483647;
			files = (
			);
			inputPaths = (
				"${SRCROOT}/Pods/Target Support Files/Pods-GitProject/Pods-GitProject-frameworks.sh",
				"${BUILT_PRODUCTS_DIR}/Alamofire/Alamofire.framework",
				"${BUILT_PRODUCTS_DIR}/Socket.IO-Client-Swift/SocketIO.framework",
				"${BUILT_PRODUCTS_DIR}/Starscream/Starscream.framework",
				"${BUILT_PRODUCTS_DIR}/SwiftyJSON/SwiftyJSON.framework",
			);
			name = "[CP] Embed Pods Frameworks";
			outputPaths = (
				"${TARGET_BUILD_DIR}/${FRAMEWORKS_FOLDER_PATH}/Alamofire.framework",
				"${TARGET_BUILD_DIR}/${FRAMEWORKS_FOLDER_PATH}/SocketIO.framework",
				"${TARGET_BUILD_DIR}/${FRAMEWORKS_FOLDER_PATH}/Starscream.framework",
				"${TARGET_BUILD_DIR}/${FRAMEWORKS_FOLDER_PATH}/SwiftyJSON.framework",
			);
			runOnlyForDeploymentPostprocessing = 0;
			shellPath = /bin/sh;
			shellScript = "\"${SRCROOT}/Pods/Target Support Files/Pods-GitProject/Pods-GitProject-frameworks.sh\"\n";
			showEnvVarsInLog = 0;
		};
		6840C4FD21C31212F86D395C /* [CP] Check Pods Manifest.lock */ = {
			isa = PBXShellScriptBuildPhase;
			buildActionMask = 2147483647;
			files = (
			);
			inputPaths = (
				"${PODS_PODFILE_DIR_PATH}/Podfile.lock",
				"${PODS_ROOT}/Manifest.lock",
			);
			name = "[CP] Check Pods Manifest.lock";
			outputPaths = (
				"$(DERIVED_FILE_DIR)/Pods-GitProject-checkManifestLockResult.txt",
			);
			runOnlyForDeploymentPostprocessing = 0;
			shellPath = /bin/sh;
			shellScript = "diff \"${PODS_PODFILE_DIR_PATH}/Podfile.lock\" \"${PODS_ROOT}/Manifest.lock\" > /dev/null\nif [ $? != 0 ] ; then\n    # print error to STDERR\n    echo \"error: The sandbox is not in sync with the Podfile.lock. Run 'pod install' or update your CocoaPods installation.\" >&2\n    exit 1\nfi\n# This output is used by Xcode 'outputs' to avoid re-running this script phase.\necho \"SUCCESS\" > \"${SCRIPT_OUTPUT_FILE_0}\"\n";
			showEnvVarsInLog = 0;
		};
/* End PBXShellScriptBuildPhase section */

/* Begin PBXSourcesBuildPhase section */
		77DFCEDC225125B800EEC638 /* Sources */ = {
			isa = PBXSourcesBuildPhase;
			buildActionMask = 2147483647;
			files = (
				77DFCF00225255E800EEC638 /* ChannelVC.swift in Sources */,
				77DFCEFE225255C800EEC638 /* ChatVC.swift in Sources */,
				77DFCF1E225380F200EEC638 /* LoginVC.swift in Sources */,
				77DFCF192253392300EEC638 /* GradientView.swift in Sources */,
				77DFCEE4225125B800EEC638 /* AppDelegate.swift in Sources */,
				77DFCEF92251ED0A00EEC638 /* SWRevealViewController.m in Sources */,
				77DFCF1C22537C0D00EEC638 /* Constants.swift in Sources */,
			);
			runOnlyForDeploymentPostprocessing = 0;
		};
/* End PBXSourcesBuildPhase section */

/* Begin PBXVariantGroup section */
		77DFCEE7225125B800EEC638 /* Main.storyboard */ = {
			isa = PBXVariantGroup;
			children = (
				77DFCEE8225125B800EEC638 /* Base */,
			);
			name = Main.storyboard;
			sourceTree = "<group>";
		};
		77DFCEEC225125B900EEC638 /* LaunchScreen.storyboard */ = {
			isa = PBXVariantGroup;
			children = (
				77DFCEED225125B900EEC638 /* Base */,
			);
			name = LaunchScreen.storyboard;
			sourceTree = "<group>";
		};
/* End PBXVariantGroup section */

/* Begin XCBuildConfiguration section */
		77DFCEF0225125B900EEC638 /* Debug */ = {
			isa = XCBuildConfiguration;
			buildSettings = {
				ALWAYS_SEARCH_USER_PATHS = NO;
				CLANG_ANALYZER_NONNULL = YES;
				CLANG_ANALYZER_NUMBER_OBJECT_CONVERSION = YES_AGGRESSIVE;
				CLANG_CXX_LANGUAGE_STANDARD = "gnu++14";
				CLANG_CXX_LIBRARY = "libc++";
				CLANG_ENABLE_MODULES = YES;
				CLANG_ENABLE_OBJC_ARC = YES;
				CLANG_ENABLE_OBJC_WEAK = YES;
				CLANG_WARN_BLOCK_CAPTURE_AUTORELEASING = YES;
				CLANG_WARN_BOOL_CONVERSION = YES;
				CLANG_WARN_COMMA = YES;
				CLANG_WARN_CONSTANT_CONVERSION = YES;
				CLANG_WARN_DEPRECATED_OBJC_IMPLEMENTATIONS = YES;
				CLANG_WARN_DIRECT_OBJC_ISA_USAGE = YES_ERROR;
				CLANG_WARN_DOCUMENTATION_COMMENTS = YES;
				CLANG_WARN_EMPTY_BODY = YES;
				CLANG_WARN_ENUM_CONVERSION = YES;
				CLANG_WARN_INFINITE_RECURSION = YES;
				CLANG_WARN_INT_CONVERSION = YES;
				CLANG_WARN_NON_LITERAL_NULL_CONVERSION = YES;
				CLANG_WARN_OBJC_IMPLICIT_RETAIN_SELF = YES;
				CLANG_WARN_OBJC_LITERAL_CONVERSION = YES;
				CLANG_WARN_OBJC_ROOT_CLASS = YES_ERROR;
				CLANG_WARN_RANGE_LOOP_ANALYSIS = YES;
				CLANG_WARN_STRICT_PROTOTYPES = YES;
				CLANG_WARN_SUSPICIOUS_MOVE = YES;
				CLANG_WARN_UNGUARDED_AVAILABILITY = YES_AGGRESSIVE;
				CLANG_WARN_UNREACHABLE_CODE = YES;
				CLANG_WARN__DUPLICATE_METHOD_MATCH = YES;
				CODE_SIGN_IDENTITY = "iPhone Developer";
				COPY_PHASE_STRIP = NO;
				DEBUG_INFORMATION_FORMAT = dwarf;
				ENABLE_STRICT_OBJC_MSGSEND = YES;
				ENABLE_TESTABILITY = YES;
				GCC_C_LANGUAGE_STANDARD = gnu11;
				GCC_DYNAMIC_NO_PIC = NO;
				GCC_NO_COMMON_BLOCKS = YES;
				GCC_OPTIMIZATION_LEVEL = 0;
				GCC_PREPROCESSOR_DEFINITIONS = (
					"DEBUG=1",
					"$(inherited)",
				);
				GCC_WARN_64_TO_32_BIT_CONVERSION = YES;
				GCC_WARN_ABOUT_RETURN_TYPE = YES_ERROR;
				GCC_WARN_UNDECLARED_SELECTOR = YES;
				GCC_WARN_UNINITIALIZED_AUTOS = YES_AGGRESSIVE;
				GCC_WARN_UNUSED_FUNCTION = YES;
				GCC_WARN_UNUSED_VARIABLE = YES;
				IPHONEOS_DEPLOYMENT_TARGET = 10.3;
				MTL_ENABLE_DEBUG_INFO = INCLUDE_SOURCE;
				MTL_FAST_MATH = YES;
				ONLY_ACTIVE_ARCH = YES;
				SDKROOT = iphoneos;
				SWIFT_ACTIVE_COMPILATION_CONDITIONS = DEBUG;
				SWIFT_OPTIMIZATION_LEVEL = "-Onone";
				SWIFT_VERSION = 4.2;
			};
			name = Debug;
		};
		77DFCEF1225125B900EEC638 /* Release */ = {
			isa = XCBuildConfiguration;
			buildSettings = {
				ALWAYS_SEARCH_USER_PATHS = NO;
				CLANG_ANALYZER_NONNULL = YES;
				CLANG_ANALYZER_NUMBER_OBJECT_CONVERSION = YES_AGGRESSIVE;
				CLANG_CXX_LANGUAGE_STANDARD = "gnu++14";
				CLANG_CXX_LIBRARY = "libc++";
				CLANG_ENABLE_MODULES = YES;
				CLANG_ENABLE_OBJC_ARC = YES;
				CLANG_ENABLE_OBJC_WEAK = YES;
				CLANG_WARN_BLOCK_CAPTURE_AUTORELEASING = YES;
				CLANG_WARN_BOOL_CONVERSION = YES;
				CLANG_WARN_COMMA = YES;
				CLANG_WARN_CONSTANT_CONVERSION = YES;
				CLANG_WARN_DEPRECATED_OBJC_IMPLEMENTATIONS = YES;
				CLANG_WARN_DIRECT_OBJC_ISA_USAGE = YES_ERROR;
				CLANG_WARN_DOCUMENTATION_COMMENTS = YES;
				CLANG_WARN_EMPTY_BODY = YES;
				CLANG_WARN_ENUM_CONVERSION = YES;
				CLANG_WARN_INFINITE_RECURSION = YES;
				CLANG_WARN_INT_CONVERSION = YES;
				CLANG_WARN_NON_LITERAL_NULL_CONVERSION = YES;
				CLANG_WARN_OBJC_IMPLICIT_RETAIN_SELF = YES;
				CLANG_WARN_OBJC_LITERAL_CONVERSION = YES;
				CLANG_WARN_OBJC_ROOT_CLASS = YES_ERROR;
				CLANG_WARN_RANGE_LOOP_ANALYSIS = YES;
				CLANG_WARN_STRICT_PROTOTYPES = YES;
				CLANG_WARN_SUSPICIOUS_MOVE = YES;
				CLANG_WARN_UNGUARDED_AVAILABILITY = YES_AGGRESSIVE;
				CLANG_WARN_UNREACHABLE_CODE = YES;
				CLANG_WARN__DUPLICATE_METHOD_MATCH = YES;
				CODE_SIGN_IDENTITY = "iPhone Developer";
				COPY_PHASE_STRIP = NO;
				DEBUG_INFORMATION_FORMAT = "dwarf-with-dsym";
				ENABLE_NS_ASSERTIONS = NO;
				ENABLE_STRICT_OBJC_MSGSEND = YES;
				GCC_C_LANGUAGE_STANDARD = gnu11;
				GCC_NO_COMMON_BLOCKS = YES;
				GCC_WARN_64_TO_32_BIT_CONVERSION = YES;
				GCC_WARN_ABOUT_RETURN_TYPE = YES_ERROR;
				GCC_WARN_UNDECLARED_SELECTOR = YES;
				GCC_WARN_UNINITIALIZED_AUTOS = YES_AGGRESSIVE;
				GCC_WARN_UNUSED_FUNCTION = YES;
				GCC_WARN_UNUSED_VARIABLE = YES;
				IPHONEOS_DEPLOYMENT_TARGET = 10.3;
				MTL_ENABLE_DEBUG_INFO = NO;
				MTL_FAST_MATH = YES;
				SDKROOT = iphoneos;
				SWIFT_COMPILATION_MODE = wholemodule;
				SWIFT_OPTIMIZATION_LEVEL = "-O";
				SWIFT_VERSION = 4.2;
				VALIDATE_PRODUCT = YES;
			};
			name = Release;
		};
		77DFCEF3225125B900EEC638 /* Debug */ = {
			isa = XCBuildConfiguration;
			baseConfigurationReference = FAEB5684986EF4332892402D /* Pods-GitProject.debug.xcconfig */;
			buildSettings = {
				ASSETCATALOG_COMPILER_APPICON_NAME = AppIcon;
				CLANG_ENABLE_MODULES = YES;
				CODE_SIGN_STYLE = Automatic;
				DEVELOPMENT_TEAM = 4Q488F65VP;
				FRAMEWORK_SEARCH_PATHS = (
					"$(inherited)",
					"$(PROJECT_DIR)/Debug-iphonesimulator/SwiftyJSON",
					"$(PROJECT_DIR)/Debug-iphonesimulator/Alamofire",
					"$(PROJECT_DIR)/Debug-iphonesimulator/Socket.IO-Client-Swift",
					"$(PROJECT_DIR)/Debug-iphonesimulator",
					"$(PROJECT_DIR)/Debug-iphonesimulator/Starscream",
				);
				INFOPLIST_FILE = GitProject/Info.plist;
				LD_RUNPATH_SEARCH_PATHS = (
					"$(inherited)",
					"@executable_path/Frameworks",
				);
				PRODUCT_BUNDLE_IDENTIFIER = com.example.GitProject;
				PRODUCT_NAME = "$(TARGET_NAME)";
				SWIFT_OBJC_BRIDGING_HEADER = "GitProject-Bridging-Header.h";
				SWIFT_OPTIMIZATION_LEVEL = "-Onone";
				SWIFT_VERSION = 4.2;
				TARGETED_DEVICE_FAMILY = "1,2";
			};
			name = Debug;
		};
		77DFCEF4225125B900EEC638 /* Release */ = {
			isa = XCBuildConfiguration;
			baseConfigurationReference = 96C359699900B1FB452036A5 /* Pods-GitProject.release.xcconfig */;
			buildSettings = {
				ASSETCATALOG_COMPILER_APPICON_NAME = AppIcon;
				CLANG_ENABLE_MODULES = YES;
				CODE_SIGN_STYLE = Automatic;
				DEVELOPMENT_TEAM = 4Q488F65VP;
				FRAMEWORK_SEARCH_PATHS = (
					"$(inherited)",
					"$(PROJECT_DIR)/Debug-iphonesimulator/SwiftyJSON",
					"$(PROJECT_DIR)/Debug-iphonesimulator/Alamofire",
					"$(PROJECT_DIR)/Debug-iphonesimulator/Socket.IO-Client-Swift",
					"$(PROJECT_DIR)/Debug-iphonesimulator",
					"$(PROJECT_DIR)/Debug-iphonesimulator/Starscream",
				);
				INFOPLIST_FILE = GitProject/Info.plist;
				LD_RUNPATH_SEARCH_PATHS = (
					"$(inherited)",
					"@executable_path/Frameworks",
				);
				PRODUCT_BUNDLE_IDENTIFIER = com.example.GitProject;
				PRODUCT_NAME = "$(TARGET_NAME)";
				SWIFT_OBJC_BRIDGING_HEADER = "GitProject-Bridging-Header.h";
				SWIFT_VERSION = 4.2;
				TARGETED_DEVICE_FAMILY = "1,2";
			};
			name = Release;
		};
/* End XCBuildConfiguration section */

/* Begin XCConfigurationList section */
		77DFCEDB225125B800EEC638 /* Build configuration list for PBXProject "GitProject" */ = {
			isa = XCConfigurationList;
			buildConfigurations = (
				77DFCEF0225125B900EEC638 /* Debug */,
				77DFCEF1225125B900EEC638 /* Release */,
			);
			defaultConfigurationIsVisible = 0;
			defaultConfigurationName = Release;
		};
		77DFCEF2225125B900EEC638 /* Build configuration list for PBXNativeTarget "GitProject" */ = {
			isa = XCConfigurationList;
			buildConfigurations = (
				77DFCEF3225125B900EEC638 /* Debug */,
				77DFCEF4225125B900EEC638 /* Release */,
			);
			defaultConfigurationIsVisible = 0;
			defaultConfigurationName = Release;
		};
/* End XCConfigurationList section */
	};
	rootObject = 77DFCED8225125B800EEC638 /* Project object */;
}
